<?xml version="1.0" encoding="utf-8"?>
<Project ToolsVersion="4.0" xmlns="http://schemas.microsoft.com/developer/msbuild/2003">
  <ItemGroup>
    <Filter Include="Source Files">
      <UniqueIdentifier>{4FC737F1-C7A5-4376-A066-2A32D752A2FF}</UniqueIdentifier>
      <Extensions>cpp;c;cc;cxx;c++;cppm;ixx;def;odl;idl;hpj;bat;asm;asmx</Extensions>
    </Filter>
    <Filter Include="Header Files">
      <UniqueIdentifier>{93995380-89BD-4b04-88EB-625FBE52EBFB}</UniqueIdentifier>
      <Extensions>h;hh;hpp;hxx;h++;hm;inl;inc;ipp;xsd</Extensions>
    </Filter>
    <Filter Include="Resource Files">
      <UniqueIdentifier>{67DA6AB6-F800-4c08-8B7A-83BB121AAD01}</UniqueIdentifier>
      <Extensions>rc;ico;cur;bmp;dlg;rc2;rct;bin;rgs;gif;jpg;jpeg;jpe;resx;tiff;tif;png;wav;mfcribbon-ms</Extensions>
    </Filter>
    <Filter Include="Header Files\LabHeader FIles">
      <UniqueIdentifier>{5247373f-c88b-4647-bca6-b4f94d265f9b}</UniqueIdentifier>
    </Filter>
    <Filter Include="Header Files\Graphics">
      <UniqueIdentifier>{978616c0-40c1-4307-8d1c-f6aa7573de22}</UniqueIdentifier>
    </Filter>
    <Filter Include="Header Files\Input Headers">
      <UniqueIdentifier>{3c69bcef-8e8c-43ff-bc35-f1c69dc974b1}</UniqueIdentifier>
    </Filter>
    <Filter Include="Header Files\Audio Headers">
      <UniqueIdentifier>{16071de2-f153-4504-bedb-a7153baf5bd4}</UniqueIdentifier>
    </Filter>
    <Filter Include="Source Files\Graphics">
      <UniqueIdentifier>{d2ecd0bd-b2a0-49e9-ba61-84afcaa970dd}</UniqueIdentifier>
    </Filter>
    <Filter Include="Source Files\Audio">
      <UniqueIdentifier>{dcf3fbdd-6b8c-46a0-b686-e4f975b0fe6c}</UniqueIdentifier>
    </Filter>
    <Filter Include="Source Files\Input">
      <UniqueIdentifier>{1201d912-12de-47cf-9fc0-22cbbb2691ce}</UniqueIdentifier>
    </Filter>
  </ItemGroup>
  <ItemGroup>
    <ClCompile Include="GameEngine_Lab2.cpp">
      <Filter>Source Files</Filter>
    </ClCompile>
    <ClCompile Include="FileController.cpp">
      <Filter>Source Files</Filter>
    </ClCompile>
    <ClCompile Include="Asset.cpp">
      <Filter>Source Files</Filter>
    </ClCompile>
    <ClCompile Include="AssetController.cpp">
      <Filter>Source Files</Filter>
    </ClCompile>
    <ClCompile Include="Resource.cpp">
      <Filter>Source Files</Filter>
    </ClCompile>
    <ClCompile Include="StackAllocator.cpp">
      <Filter>Source Files</Filter>
    </ClCompile>
    <ClCompile Include="Level.cpp">
      <Filter>Source Files</Filter>
    </ClCompile>
    <ClCompile Include="Unit.cpp">
      <Filter>Source Files</Filter>
    </ClCompile>
    <ClCompile Include="Renderer.cpp">
      <Filter>Source Files</Filter>
    </ClCompile>
    <ClCompile Include="RenderTarget.cpp">
      <Filter>Source Files</Filter>
    </ClCompile>
    <ClCompile Include="Controller.cpp">
      <Filter>Source Files</Filter>
    </ClCompile>
    <ClCompile Include="GameController.cpp">
      <Filter>Source Files\Graphics</Filter>
    </ClCompile>
    <ClCompile Include="SpriteAnim.cpp">
      <Filter>Source Files\Graphics</Filter>
    </ClCompile>
    <ClCompile Include="SpriteSheet.cpp">
      <Filter>Source Files\Graphics</Filter>
    </ClCompile>
    <ClCompile Include="Texture.cpp">
      <Filter>Source Files\Graphics</Filter>
    </ClCompile>
    <ClCompile Include="TGAReader.cpp">
      <Filter>Source Files\Graphics</Filter>
    </ClCompile>
    <ClCompile Include="TTFont.cpp">
      <Filter>Source Files\Graphics</Filter>
    </ClCompile>
    <ClCompile Include="Timing.cpp">
      <Filter>Source Files\Graphics</Filter>
    </ClCompile>
    <ClCompile Include="AudioController.cpp">
      <Filter>Source Files\Audio</Filter>
    </ClCompile>
    <ClCompile Include="Song.cpp">
      <Filter>Source Files\Audio</Filter>
    </ClCompile>
    <ClCompile Include="SoundEffects.cpp">
      <Filter>Source Files\Audio</Filter>
    </ClCompile>
    <ClCompile Include="Mouse.cpp">
      <Filter>Source Files\Input</Filter>
    </ClCompile>
    <ClCompile Include="Keyboard.cpp">
      <Filter>Source Files\Input</Filter>
    </ClCompile>
    <ClCompile Include="InputController.cpp">
      <Filter>Source Files\Input</Filter>
    </ClCompile>
  </ItemGroup>
  <ItemGroup>
    <ClInclude Include="StandardIncludes.h">
      <Filter>Header Files\LabHeader FIles</Filter>
    </ClInclude>
    <ClInclude Include="Singleton.h">
      <Filter>Header Files\LabHeader FIles</Filter>
    </ClInclude>
    <ClInclude Include="FileController.h">
      <Filter>Header Files</Filter>
    </ClInclude>
    <ClInclude Include="Asset.h">
      <Filter>Header Files</Filter>
    </ClInclude>
    <ClInclude Include="AssetController.h">
      <Filter>Header Files</Filter>
    </ClInclude>
    <ClInclude Include="ObjectPool.h">
      <Filter>Header Files</Filter>
    </ClInclude>
    <ClInclude Include="Resource.h">
      <Filter>Header Files</Filter>
    </ClInclude>
    <ClInclude Include="Serializable.h">
      <Filter>Header Files</Filter>
    </ClInclude>
    <ClInclude Include="StackAllocator.h">
      <Filter>Header Files</Filter>
    </ClInclude>
    <ClInclude Include="Level.h">
      <Filter>Header Files</Filter>
    </ClInclude>
    <ClInclude Include="Unit.h">
      <Filter>Header Files</Filter>
    </ClInclude>
    <ClInclude Include="Renderer.h">
      <Filter>Header Files</Filter>
    </ClInclude>
    <ClInclude Include="GameController.h">
      <Filter>Header Files\Graphics</Filter>
    </ClInclude>
    <ClInclude Include="BasicStructs.h">
      <Filter>Header Files\Graphics</Filter>
    </ClInclude>
    <ClInclude Include="SpriteAnim.h">
      <Filter>Header Files\Graphics</Filter>
    </ClInclude>
    <ClInclude Include="SpriteSheet.h">
      <Filter>Header Files\Graphics</Filter>
    </ClInclude>
    <ClInclude Include="Texture.h">
      <Filter>Header Files\Graphics</Filter>
    </ClInclude>
    <ClInclude Include="TGAReader.h">
      <Filter>Header Files\Graphics</Filter>
    </ClInclude>
    <ClInclude Include="Timing.h">
      <Filter>Header Files\Graphics</Filter>
    </ClInclude>
    <ClInclude Include="TTFont.h">
      <Filter>Header Files\Graphics</Filter>
    </ClInclude>
    <ClInclude Include="RenderTarget.h">
      <Filter>Header Files</Filter>
    </ClInclude>
    <ClInclude Include="Keyboard.h">
      <Filter>Header Files\Input Headers</Filter>
    </ClInclude>
    <ClInclude Include="InputController.h">
      <Filter>Header Files\Input Headers</Filter>
    </ClInclude>
    <ClInclude Include="Mouse.h">
      <Filter>Header Files\Input Headers</Filter>
    </ClInclude>
    <ClInclude Include="Controller.h">
      <Filter>Header Files</Filter>
    </ClInclude>
    <ClInclude Include="AudioController.h">
      <Filter>Header Files\Audio Headers</Filter>
    </ClInclude>
    <ClInclude Include="Song.h">
      <Filter>Header Files\Audio Headers</Filter>
    </ClInclude>
    <ClInclude Include="SoundEffects.h">
      <Filter>Header Files\Audio Headers</Filter>
    </ClInclude>
  </ItemGroup>
  <ItemGroup>
    <Media Include="..\..\..\..\Downloads\Assets\SoundEffect.wav">
      <Filter>Resource Files</Filter>
    </Media>
  </ItemGroup>
  <ItemGroup>
    <Image Include="..\..\..\..\Downloads\Assets\Emoji.jpg">
      <Filter>Resource Files</Filter>
    </Image>
  </ItemGroup>
</Project>